
Microsoft Visual Studio Solution File, Format Version 12.00
# Visual Studio Version 16
VisualStudioVersion = 16.0.30804.86
MinimumVisualStudioVersion = 10.0.40219.1
Project("{9A19103F-16F7-4668-BE54-9A1E7A4F7556}") = "ScoreBoard", "ScoreBoard\ScoreBoard.csproj", "{BD918BB8-B09A-457C-BDC0-BB8A5853F093}"
EndProject
Project("{FAE04EC0-301F-11D3-BF4B-00C04F79EFBC}") = "ScoreBoard.Tests", "ScoreBoard.Tests\ScoreBoard.Tests.csproj", "{ACAAD2C3-ADF0-4597-8A2F-1098E6051913}"
EndProject
Global
	GlobalSection(SolutionConfigurationPlatforms) = preSolution
		Debug|Any CPU = Debug|Any CPU
		Release|Any CPU = Release|Any CPU
	EndGlobalSection
	GlobalSection(ProjectConfigurationPlatforms) = postSolution
		{BD918BB8-B09A-457C-BDC0-BB8A5853F093}.Debug|Any CPU.ActiveCfg = Debug|Any CPU
		{BD918BB8-B09A-457C-BDC0-BB8A5853F093}.Debug|Any CPU.Build.0 = Debug|Any CPU
		{BD918BB8-B09A-457C-BDC0-BB8A5853F093}.Release|Any CPU.ActiveCfg = Release|Any CPU
		{BD918BB8-B09A-457C-BDC0-BB8A5853F093}.Release|Any CPU.Build.0 = Release|Any CPU
		{ACAAD2C3-ADF0-4597-8A2F-1098E6051913}.Debug|Any CPU.ActiveCfg = Debug|Any CPU
		{ACAAD2C3-ADF0-4597-8A2F-1098E6051913}.Debug|Any CPU.Build.0 = Debug|Any CPU
		{ACAAD2C3-ADF0-4597-8A2F-1098E6051913}.Release|Any CPU.ActiveCfg = Release|Any CPU
		{ACAAD2C3-ADF0-4597-8A2F-1098E6051913}.Release|Any CPU.Build.0 = Release|Any CPU
	EndGlobalSection
	GlobalSection(SolutionProperties) = preSolution
		HideSolutionNode = FALSE
	EndGlobalSection
	GlobalSection(ExtensibilityGlobals) = postSolution
		SolutionGuid = {C939B6F2-A5AD-49C4-8C2E-C4A3B282A113}
	EndGlobalSection
EndGlobal
